// !$*UTF8*$!
{
	archiveVersion = 1;
	classes = {
	};
	objectVersion = 48;
	objects = {

/* Begin PBXBuildFile section */
		328A7E8B91F4415A8C65B651 /* Pods_Listening.framework in Frameworks */ = {isa = PBXBuildFile; fileRef = ACF31041C1B36844AB4EC6FC /* Pods_Listening.framework */; };
		6C22D9F8204707700081FBE4 /* Persistent.swift in Sources */ = {isa = PBXBuildFile; fileRef = 6C22D9F7204707700081FBE4 /* Persistent.swift */; };
		6C22D9FA20470E570081FBE4 /* Constants.swift in Sources */ = {isa = PBXBuildFile; fileRef = 6C22D9F920470E570081FBE4 /* Constants.swift */; };
		6C22D9FF204714090081FBE4 /* Listening.xcdatamodeld in Sources */ = {isa = PBXBuildFile; fileRef = 6C22D9FD204714090081FBE4 /* Listening.xcdatamodeld */; };
		6C22DA0E2047181D0081FBE4 /* User+CoreDataClass.swift in Sources */ = {isa = PBXBuildFile; fileRef = 6C22DA0C2047181D0081FBE4 /* User+CoreDataClass.swift */; };
		6C22DA0F2047181D0081FBE4 /* User+CoreDataProperties.swift in Sources */ = {isa = PBXBuildFile; fileRef = 6C22DA0D2047181D0081FBE4 /* User+CoreDataProperties.swift */; };
		6C22DA12204718370081FBE4 /* Folder+CoreDataClass.swift in Sources */ = {isa = PBXBuildFile; fileRef = 6C22DA10204718370081FBE4 /* Folder+CoreDataClass.swift */; };
		6C22DA13204718370081FBE4 /* Folder+CoreDataProperties.swift in Sources */ = {isa = PBXBuildFile; fileRef = 6C22DA11204718370081FBE4 /* Folder+CoreDataProperties.swift */; };
		6C22DA16204718510081FBE4 /* Item+CoreDataClass.swift in Sources */ = {isa = PBXBuildFile; fileRef = 6C22DA14204718510081FBE4 /* Item+CoreDataClass.swift */; };
		6C22DA17204718510081FBE4 /* Item+CoreDataProperties.swift in Sources */ = {isa = PBXBuildFile; fileRef = 6C22DA15204718510081FBE4 /* Item+CoreDataProperties.swift */; };
		6C22DA19204719190081FBE4 /* CoreDataStack.swift in Sources */ = {isa = PBXBuildFile; fileRef = 6C22DA18204719190081FBE4 /* CoreDataStack.swift */; };
		6C22DA1C20471A0F0081FBE4 /* Ext+UIView.swift in Sources */ = {isa = PBXBuildFile; fileRef = 6C22DA1B20471A0F0081FBE4 /* Ext+UIView.swift */; };
		6CCED4992045CD9B00AADFDD /* AppDelegate.swift in Sources */ = {isa = PBXBuildFile; fileRef = 6CCED48F2045CD9B00AADFDD /* AppDelegate.swift */; };
		6CCED49A2045CD9B00AADFDD /* Assets.xcassets in Resources */ = {isa = PBXBuildFile; fileRef = 6CCED4942045CD9B00AADFDD /* Assets.xcassets */; };
		6CCED49B2045CD9B00AADFDD /* Info.plist in Resources */ = {isa = PBXBuildFile; fileRef = 6CCED4962045CD9B00AADFDD /* Info.plist */; };
		6CCED4A12045D4D600AADFDD /* Main.storyboard in Resources */ = {isa = PBXBuildFile; fileRef = 6CCED4A02045D4D600AADFDD /* Main.storyboard */; };
		6CCED4A32045D4F800AADFDD /* SignInViewController.swift in Sources */ = {isa = PBXBuildFile; fileRef = 6CCED4A22045D4F700AADFDD /* SignInViewController.swift */; };
		6CCED4A52045D51400AADFDD /* SignInViewModel.swift in Sources */ = {isa = PBXBuildFile; fileRef = 6CCED4A42045D51400AADFDD /* SignInViewModel.swift */; };
		6CCED4A82045D91A00AADFDD /* Dynamic.swift in Sources */ = {isa = PBXBuildFile; fileRef = 6CCED4A72045D91A00AADFDD /* Dynamic.swift */; };
/* End PBXBuildFile section */

/* Begin PBXFileReference section */
		58A04761472305FCC3B6E107 /* Pods-Listening.debug.xcconfig */ = {isa = PBXFileReference; includeInIndex = 1; lastKnownFileType = text.xcconfig; name = "Pods-Listening.debug.xcconfig"; path = "Pods/Target Support Files/Pods-Listening/Pods-Listening.debug.xcconfig"; sourceTree = "<group>"; };
		6C22D9F7204707700081FBE4 /* Persistent.swift */ = {isa = PBXFileReference; lastKnownFileType = sourcecode.swift; path = Persistent.swift; sourceTree = "<group>"; };
		6C22D9F920470E570081FBE4 /* Constants.swift */ = {isa = PBXFileReference; lastKnownFileType = sourcecode.swift; path = Constants.swift; sourceTree = "<group>"; };
		6C22D9FE204714090081FBE4 /* Listening.xcdatamodel */ = {isa = PBXFileReference; lastKnownFileType = wrapper.xcdatamodel; path = Listening.xcdatamodel; sourceTree = "<group>"; };
		6C22DA0C2047181D0081FBE4 /* User+CoreDataClass.swift */ = {isa = PBXFileReference; lastKnownFileType = sourcecode.swift; path = "User+CoreDataClass.swift"; sourceTree = "<group>"; };
		6C22DA0D2047181D0081FBE4 /* User+CoreDataProperties.swift */ = {isa = PBXFileReference; lastKnownFileType = sourcecode.swift; path = "User+CoreDataProperties.swift"; sourceTree = "<group>"; };
		6C22DA10204718370081FBE4 /* Folder+CoreDataClass.swift */ = {isa = PBXFileReference; lastKnownFileType = sourcecode.swift; path = "Folder+CoreDataClass.swift"; sourceTree = "<group>"; };
		6C22DA11204718370081FBE4 /* Folder+CoreDataProperties.swift */ = {isa = PBXFileReference; lastKnownFileType = sourcecode.swift; path = "Folder+CoreDataProperties.swift"; sourceTree = "<group>"; };
		6C22DA14204718510081FBE4 /* Item+CoreDataClass.swift */ = {isa = PBXFileReference; lastKnownFileType = sourcecode.swift; path = "Item+CoreDataClass.swift"; sourceTree = "<group>"; };
		6C22DA15204718510081FBE4 /* Item+CoreDataProperties.swift */ = {isa = PBXFileReference; lastKnownFileType = sourcecode.swift; path = "Item+CoreDataProperties.swift"; sourceTree = "<group>"; };
		6C22DA18204719190081FBE4 /* CoreDataStack.swift */ = {isa = PBXFileReference; fileEncoding = 4; lastKnownFileType = sourcecode.swift; path = CoreDataStack.swift; sourceTree = "<group>"; };
		6C22DA1B20471A0F0081FBE4 /* Ext+UIView.swift */ = {isa = PBXFileReference; lastKnownFileType = sourcecode.swift; path = "Ext+UIView.swift"; sourceTree = "<group>"; };
		6CCED4772045CCBE00AADFDD /* Listening.app */ = {isa = PBXFileReference; explicitFileType = wrapper.application; includeInIndex = 0; path = Listening.app; sourceTree = BUILT_PRODUCTS_DIR; };
		6CCED48F2045CD9B00AADFDD /* AppDelegate.swift */ = {isa = PBXFileReference; fileEncoding = 4; lastKnownFileType = sourcecode.swift; path = AppDelegate.swift; sourceTree = "<group>"; };
		6CCED4942045CD9B00AADFDD /* Assets.xcassets */ = {isa = PBXFileReference; lastKnownFileType = folder.assetcatalog; path = Assets.xcassets; sourceTree = "<group>"; };
		6CCED4962045CD9B00AADFDD /* Info.plist */ = {isa = PBXFileReference; fileEncoding = 4; lastKnownFileType = text.plist.xml; path = Info.plist; sourceTree = "<group>"; };
		6CCED4A02045D4D600AADFDD /* Main.storyboard */ = {isa = PBXFileReference; lastKnownFileType = file.storyboard; path = Main.storyboard; sourceTree = "<group>"; };
		6CCED4A22045D4F700AADFDD /* SignInViewController.swift */ = {isa = PBXFileReference; lastKnownFileType = sourcecode.swift; path = SignInViewController.swift; sourceTree = "<group>"; };
		6CCED4A42045D51400AADFDD /* SignInViewModel.swift */ = {isa = PBXFileReference; lastKnownFileType = sourcecode.swift; path = SignInViewModel.swift; sourceTree = "<group>"; };
		6CCED4A72045D91A00AADFDD /* Dynamic.swift */ = {isa = PBXFileReference; fileEncoding = 4; lastKnownFileType = sourcecode.swift; path = Dynamic.swift; sourceTree = "<group>"; };
		7DD360DCA173846EF00A3771 /* Pods-Listening.release.xcconfig */ = {isa = PBXFileReference; includeInIndex = 1; lastKnownFileType = text.xcconfig; name = "Pods-Listening.release.xcconfig"; path = "Pods/Target Support Files/Pods-Listening/Pods-Listening.release.xcconfig"; sourceTree = "<group>"; };
		ACF31041C1B36844AB4EC6FC /* Pods_Listening.framework */ = {isa = PBXFileReference; explicitFileType = wrapper.framework; includeInIndex = 0; path = Pods_Listening.framework; sourceTree = BUILT_PRODUCTS_DIR; };
/* End PBXFileReference section */

/* Begin PBXFrameworksBuildPhase section */
		6CCED4742045CCBE00AADFDD /* Frameworks */ = {
			isa = PBXFrameworksBuildPhase;
			buildActionMask = 2147483647;
			files = (
				328A7E8B91F4415A8C65B651 /* Pods_Listening.framework in Frameworks */,
			);
			runOnlyForDeploymentPostprocessing = 0;
		};
/* End PBXFrameworksBuildPhase section */

/* Begin PBXGroup section */
		6017931FA35451069BD17EF6 /* Pods */ = {
			isa = PBXGroup;
			children = (
				58A04761472305FCC3B6E107 /* Pods-Listening.debug.xcconfig */,
				7DD360DCA173846EF00A3771 /* Pods-Listening.release.xcconfig */,
			);
			name = Pods;
			sourceTree = "<group>";
		};
		6C22D9FB204713C60081FBE4 /* Custom Models */ = {
			isa = PBXGroup;
			children = (
			);
			path = "Custom Models";
			sourceTree = "<group>";
		};
		6C22D9FC204713D20081FBE4 /* CoreData */ = {
			isa = PBXGroup;
			children = (
				6C22DA14204718510081FBE4 /* Item+CoreDataClass.swift */,
				6C22DA15204718510081FBE4 /* Item+CoreDataProperties.swift */,
				6C22DA10204718370081FBE4 /* Folder+CoreDataClass.swift */,
				6C22DA11204718370081FBE4 /* Folder+CoreDataProperties.swift */,
				6C22DA0C2047181D0081FBE4 /* User+CoreDataClass.swift */,
				6C22DA0D2047181D0081FBE4 /* User+CoreDataProperties.swift */,
				6C22DA18204719190081FBE4 /* CoreDataStack.swift */,
				6C22D9FD204714090081FBE4 /* Listening.xcdatamodeld */,
			);
			path = CoreData;
			sourceTree = "<group>";
		};
		6C22DA1A204719FC0081FBE4 /* Extension */ = {
			isa = PBXGroup;
			children = (
				6C22DA1B20471A0F0081FBE4 /* Ext+UIView.swift */,
			);
			path = Extension;
			sourceTree = "<group>";
		};
		6CCED46E2045CCBE00AADFDD = {
			isa = PBXGroup;
			children = (
				6CCED48E2045CD9B00AADFDD /* Listening */,
				6CCED4782045CCBE00AADFDD /* Products */,
				6017931FA35451069BD17EF6 /* Pods */,
				A2CFF8396243238FEDAC4842 /* Frameworks */,
			);
			sourceTree = "<group>";
		};
		6CCED4782045CCBE00AADFDD /* Products */ = {
			isa = PBXGroup;
			children = (
				6CCED4772045CCBE00AADFDD /* Listening.app */,
			);
			name = Products;
			sourceTree = "<group>";
		};
		6CCED48E2045CD9B00AADFDD /* Listening */ = {
			isa = PBXGroup;
			children = (
				6CCED48F2045CD9B00AADFDD /* AppDelegate.swift */,
				6CCED4902045CD9B00AADFDD /* Helper */,
				6CCED4912045CD9B00AADFDD /* Model */,
				6CCED4972045CD9B00AADFDD /* View */,
				6CCED4982045CD9B00AADFDD /* ViewModel */,
				6CCED4922045CD9B00AADFDD /* Resource */,
			);
			path = Listening;
			sourceTree = "<group>";
		};
		6CCED4902045CD9B00AADFDD /* Helper */ = {
			isa = PBXGroup;
			children = (
				6C22D9F7204707700081FBE4 /* Persistent.swift */,
				6C22D9F920470E570081FBE4 /* Constants.swift */,
				6C22DA1A204719FC0081FBE4 /* Extension */,
			);
			path = Helper;
			sourceTree = "<group>";
		};
		6CCED4912045CD9B00AADFDD /* Model */ = {
			isa = PBXGroup;
			children = (
				6C22D9FC204713D20081FBE4 /* CoreData */,
				6CCED4A62045D91A00AADFDD /* Dynamic */,
				6C22D9FB204713C60081FBE4 /* Custom Models */,
			);
			path = Model;
			sourceTree = "<group>";
		};
		6CCED4922045CD9B00AADFDD /* Resource */ = {
			isa = PBXGroup;
			children = (
				6CCED4932045CD9B00AADFDD /* Image */,
				6CCED4952045CD9B00AADFDD /* Info */,
			);
			path = Resource;
			sourceTree = "<group>";
		};
		6CCED4932045CD9B00AADFDD /* Image */ = {
			isa = PBXGroup;
			children = (
				6CCED4942045CD9B00AADFDD /* Assets.xcassets */,
			);
			path = Image;
			sourceTree = "<group>";
		};
		6CCED4952045CD9B00AADFDD /* Info */ = {
			isa = PBXGroup;
			children = (
				6CCED4962045CD9B00AADFDD /* Info.plist */,
			);
			path = Info;
			sourceTree = "<group>";
		};
		6CCED4972045CD9B00AADFDD /* View */ = {
			isa = PBXGroup;
			children = (
				6CCED49F2045CE2B00AADFDD /* TableViewCells */,
				6CCED49E2045CE1A00AADFDD /* Storyboards */,
				6CCED49D2045CE0A00AADFDD /* ViewControllers */,
				6CCED49C2045CDFF00AADFDD /* CustomViews */,
			);
			path = View;
			sourceTree = "<group>";
		};
		6CCED4982045CD9B00AADFDD /* ViewModel */ = {
			isa = PBXGroup;
			children = (
				6CCED4A42045D51400AADFDD /* SignInViewModel.swift */,
			);
			path = ViewModel;
			sourceTree = "<group>";
		};
		6CCED49C2045CDFF00AADFDD /* CustomViews */ = {
			isa = PBXGroup;
			children = (
			);
			path = CustomViews;
			sourceTree = "<group>";
		};
		6CCED49D2045CE0A00AADFDD /* ViewControllers */ = {
			isa = PBXGroup;
			children = (
				6CCED4A22045D4F700AADFDD /* SignInViewController.swift */,
			);
			path = ViewControllers;
			sourceTree = "<group>";
		};
		6CCED49E2045CE1A00AADFDD /* Storyboards */ = {
			isa = PBXGroup;
			children = (
				6CCED4A02045D4D600AADFDD /* Main.storyboard */,
			);
			path = Storyboards;
			sourceTree = "<group>";
		};
		6CCED49F2045CE2B00AADFDD /* TableViewCells */ = {
			isa = PBXGroup;
			children = (
			);
			path = TableViewCells;
			sourceTree = "<group>";
		};
		6CCED4A62045D91A00AADFDD /* Dynamic */ = {
			isa = PBXGroup;
			children = (
				6CCED4A72045D91A00AADFDD /* Dynamic.swift */,
			);
			path = Dynamic;
			sourceTree = "<group>";
		};
		A2CFF8396243238FEDAC4842 /* Frameworks */ = {
			isa = PBXGroup;
			children = (
				ACF31041C1B36844AB4EC6FC /* Pods_Listening.framework */,
			);
			name = Frameworks;
			sourceTree = "<group>";
		};
/* End PBXGroup section */

/* Begin PBXNativeTarget section */
		6CCED4762045CCBE00AADFDD /* Listening */ = {
			isa = PBXNativeTarget;
			buildConfigurationList = 6CCED4892045CCBE00AADFDD /* Build configuration list for PBXNativeTarget "Listening" */;
			buildPhases = (
				E73BEDD6C3D755B35BE0492A /* [CP] Check Pods Manifest.lock */,
				6CCED4732045CCBE00AADFDD /* Sources */,
				6CCED4742045CCBE00AADFDD /* Frameworks */,
				6CCED4752045CCBE00AADFDD /* Resources */,
				13CDC66A216E362D7844D8C6 /* [CP] Embed Pods Frameworks */,
				E1C83DB5A6171361F6004281 /* [CP] Copy Pods Resources */,
			);
			buildRules = (
			);
			dependencies = (
			);
			name = Listening;
			productName = Listening;
			productReference = 6CCED4772045CCBE00AADFDD /* Listening.app */;
			productType = "com.apple.product-type.application";
		};
/* End PBXNativeTarget section */

/* Begin PBXProject section */
		6CCED46F2045CCBE00AADFDD /* Project object */ = {
			isa = PBXProject;
			attributes = {
				LastSwiftUpdateCheck = 0920;
				LastUpgradeCheck = 0920;
				ORGANIZATIONNAME = huydoquang;
				TargetAttributes = {
					6CCED4762045CCBE00AADFDD = {
						CreatedOnToolsVersion = 9.2;
						ProvisioningStyle = Automatic;
					};
				};
			};
			buildConfigurationList = 6CCED4722045CCBE00AADFDD /* Build configuration list for PBXProject "Listening" */;
			compatibilityVersion = "Xcode 8.0";
			developmentRegion = en;
			hasScannedForEncodings = 0;
			knownRegions = (
				en,
				Base,
			);
			mainGroup = 6CCED46E2045CCBE00AADFDD;
			productRefGroup = 6CCED4782045CCBE00AADFDD /* Products */;
			projectDirPath = "";
			projectRoot = "";
			targets = (
				6CCED4762045CCBE00AADFDD /* Listening */,
			);
		};
/* End PBXProject section */

/* Begin PBXResourcesBuildPhase section */
		6CCED4752045CCBE00AADFDD /* Resources */ = {
			isa = PBXResourcesBuildPhase;
			buildActionMask = 2147483647;
			files = (
				6CCED4A12045D4D600AADFDD /* Main.storyboard in Resources */,
				6CCED49B2045CD9B00AADFDD /* Info.plist in Resources */,
				6CCED49A2045CD9B00AADFDD /* Assets.xcassets in Resources */,
			);
			runOnlyForDeploymentPostprocessing = 0;
		};
/* End PBXResourcesBuildPhase section */

/* Begin PBXShellScriptBuildPhase section */
		13CDC66A216E362D7844D8C6 /* [CP] Embed Pods Frameworks */ = {
			isa = PBXShellScriptBuildPhase;
			buildActionMask = 2147483647;
			files = (
			);
			inputPaths = (
			);
			name = "[CP] Embed Pods Frameworks";
			outputPaths = (
			);
			runOnlyForDeploymentPostprocessing = 0;
			shellPath = /bin/sh;
			shellScript = "\"${SRCROOT}/Pods/Target Support Files/Pods-Listening/Pods-Listening-frameworks.sh\"\n";
			showEnvVarsInLog = 0;
		};
		E1C83DB5A6171361F6004281 /* [CP] Copy Pods Resources */ = {
			isa = PBXShellScriptBuildPhase;
			buildActionMask = 2147483647;
			files = (
			);
			inputPaths = (
			);
			name = "[CP] Copy Pods Resources";
			outputPaths = (
			);
			runOnlyForDeploymentPostprocessing = 0;
			shellPath = /bin/sh;
			shellScript = "\"${SRCROOT}/Pods/Target Support Files/Pods-Listening/Pods-Listening-resources.sh\"\n";
			showEnvVarsInLog = 0;
		};
		E73BEDD6C3D755B35BE0492A /* [CP] Check Pods Manifest.lock */ = {
			isa = PBXShellScriptBuildPhase;
			buildActionMask = 2147483647;
			files = (
			);
			inputPaths = (
			);
			name = "[CP] Check Pods Manifest.lock";
			outputPaths = (
			);
			runOnlyForDeploymentPostprocessing = 0;
			shellPath = /bin/sh;
			shellScript = "diff \"${PODS_PODFILE_DIR_PATH}/Podfile.lock\" \"${PODS_ROOT}/Manifest.lock\" > /dev/null\nif [ $? != 0 ] ; then\n    # print error to STDERR\n    echo \"error: The sandbox is not in sync with the Podfile.lock. Run 'pod install' or update your CocoaPods installation.\" >&2\n    exit 1\nfi\n";
			showEnvVarsInLog = 0;
		};
/* End PBXShellScriptBuildPhase section */

/* Begin PBXSourcesBuildPhase section */
		6CCED4732045CCBE00AADFDD /* Sources */ = {
			isa = PBXSourcesBuildPhase;
			buildActionMask = 2147483647;
			files = (
				6C22DA1C20471A0F0081FBE4 /* Ext+UIView.swift in Sources */,
				6C22DA19204719190081FBE4 /* CoreDataStack.swift in Sources */,
				6C22DA17204718510081FBE4 /* Item+CoreDataProperties.swift in Sources */,
				6C22D9F8204707700081FBE4 /* Persistent.swift in Sources */,
				6C22DA13204718370081FBE4 /* Folder+CoreDataProperties.swift in Sources */,
				6CCED4A32045D4F800AADFDD /* SignInViewController.swift in Sources */,
				6CCED4A82045D91A00AADFDD /* Dynamic.swift in Sources */,
				6C22DA16204718510081FBE4 /* Item+CoreDataClass.swift in Sources */,
				6C22D9FF204714090081FBE4 /* Listening.xcdatamodeld in Sources */,
				6CCED4992045CD9B00AADFDD /* AppDelegate.swift in Sources */,
				6C22DA0E2047181D0081FBE4 /* User+CoreDataClass.swift in Sources */,
				6C22D9FA20470E570081FBE4 /* Constants.swift in Sources */,
				6C22DA12204718370081FBE4 /* Folder+CoreDataClass.swift in Sources */,
				6C22DA0F2047181D0081FBE4 /* User+CoreDataProperties.swift in Sources */,
				6CCED4A52045D51400AADFDD /* SignInViewModel.swift in Sources */,
			);
			runOnlyForDeploymentPostprocessing = 0;
		};
/* End PBXSourcesBuildPhase section */

/* Begin XCBuildConfiguration section */
		6CCED4872045CCBE00AADFDD /* Debug */ = {
			isa = XCBuildConfiguration;
			buildSettings = {
				ALWAYS_SEARCH_USER_PATHS = NO;
				CLANG_ANALYZER_NONNULL = YES;
				CLANG_ANALYZER_NUMBER_OBJECT_CONVERSION = YES_AGGRESSIVE;
				CLANG_CXX_LANGUAGE_STANDARD = "gnu++14";
				CLANG_CXX_LIBRARY = "libc++";
				CLANG_ENABLE_MODULES = YES;
				CLANG_ENABLE_OBJC_ARC = YES;
				CLANG_WARN_BLOCK_CAPTURE_AUTORELEASING = YES;
				CLANG_WARN_BOOL_CONVERSION = YES;
				CLANG_WARN_COMMA = YES;
				CLANG_WARN_CONSTANT_CONVERSION = YES;
				CLANG_WARN_DIRECT_OBJC_ISA_USAGE = YES_ERROR;
				CLANG_WARN_DOCUMENTATION_COMMENTS = YES;
				CLANG_WARN_EMPTY_BODY = YES;
				CLANG_WARN_ENUM_CONVERSION = YES;
				CLANG_WARN_INFINITE_RECURSION = YES;
				CLANG_WARN_INT_CONVERSION = YES;
				CLANG_WARN_NON_LITERAL_NULL_CONVERSION = YES;
				CLANG_WARN_OBJC_LITERAL_CONVERSION = YES;
				CLANG_WARN_OBJC_ROOT_CLASS = YES_ERROR;
				CLANG_WARN_RANGE_LOOP_ANALYSIS = YES;
				CLANG_WARN_STRICT_PROTOTYPES = YES;
				CLANG_WARN_SUSPICIOUS_MOVE = YES;
				CLANG_WARN_UNGUARDED_AVAILABILITY = YES_AGGRESSIVE;
				CLANG_WARN_UNREACHABLE_CODE = YES;
				CLANG_WARN__DUPLICATE_METHOD_MATCH = YES;
				CODE_SIGN_IDENTITY = "iPhone Developer";
				COPY_PHASE_STRIP = NO;
				DEBUG_INFORMATION_FORMAT = dwarf;
				ENABLE_STRICT_OBJC_MSGSEND = YES;
				ENABLE_TESTABILITY = YES;
				GCC_C_LANGUAGE_STANDARD = gnu11;
				GCC_DYNAMIC_NO_PIC = NO;
				GCC_NO_COMMON_BLOCKS = YES;
				GCC_OPTIMIZATION_LEVEL = 0;
				GCC_PREPROCESSOR_DEFINITIONS = (
					"DEBUG=1",
					"$(inherited)",
				);
				GCC_WARN_64_TO_32_BIT_CONVERSION = YES;
				GCC_WARN_ABOUT_RETURN_TYPE = YES_ERROR;
				GCC_WARN_UNDECLARED_SELECTOR = YES;
				GCC_WARN_UNINITIALIZED_AUTOS = YES_AGGRESSIVE;
				GCC_WARN_UNUSED_FUNCTION = YES;
				GCC_WARN_UNUSED_VARIABLE = YES;
				IPHONEOS_DEPLOYMENT_TARGET = 11.2;
				MTL_ENABLE_DEBUG_INFO = YES;
				ONLY_ACTIVE_ARCH = YES;
				SDKROOT = iphoneos;
				SWIFT_ACTIVE_COMPILATION_CONDITIONS = DEBUG;
				SWIFT_OPTIMIZATION_LEVEL = "-Onone";
			};
			name = Debug;
		};
		6CCED4882045CCBE00AADFDD /* Release */ = {
			isa = XCBuildConfiguration;
			buildSettings = {
				ALWAYS_SEARCH_USER_PATHS = NO;
				CLANG_ANALYZER_NONNULL = YES;
				CLANG_ANALYZER_NUMBER_OBJECT_CONVERSION = YES_AGGRESSIVE;
				CLANG_CXX_LANGUAGE_STANDARD = "gnu++14";
				CLANG_CXX_LIBRARY = "libc++";
				CLANG_ENABLE_MODULES = YES;
				CLANG_ENABLE_OBJC_ARC = YES;
				CLANG_WARN_BLOCK_CAPTURE_AUTORELEASING = YES;
				CLANG_WARN_BOOL_CONVERSION = YES;
				CLANG_WARN_COMMA = YES;
				CLANG_WARN_CONSTANT_CONVERSION = YES;
				CLANG_WARN_DIRECT_OBJC_ISA_USAGE = YES_ERROR;
				CLANG_WARN_DOCUMENTATION_COMMENTS = YES;
				CLANG_WARN_EMPTY_BODY = YES;
				CLANG_WARN_ENUM_CONVERSION = YES;
				CLANG_WARN_INFINITE_RECURSION = YES;
				CLANG_WARN_INT_CONVERSION = YES;
				CLANG_WARN_NON_LITERAL_NULL_CONVERSION = YES;
				CLANG_WARN_OBJC_LITERAL_CONVERSION = YES;
				CLANG_WARN_OBJC_ROOT_CLASS = YES_ERROR;
				CLANG_WARN_RANGE_LOOP_ANALYSIS = YES;
				CLANG_WARN_STRICT_PROTOTYPES = YES;
				CLANG_WARN_SUSPICIOUS_MOVE = YES;
				CLANG_WARN_UNGUARDED_AVAILABILITY = YES_AGGRESSIVE;
				CLANG_WARN_UNREACHABLE_CODE = YES;
				CLANG_WARN__DUPLICATE_METHOD_MATCH = YES;
				CODE_SIGN_IDENTITY = "iPhone Developer";
				COPY_PHASE_STRIP = NO;
				DEBUG_INFORMATION_FORMAT = "dwarf-with-dsym";
				ENABLE_NS_ASSERTIONS = NO;
				ENABLE_STRICT_OBJC_MSGSEND = YES;
				GCC_C_LANGUAGE_STANDARD = gnu11;
				GCC_NO_COMMON_BLOCKS = YES;
				GCC_WARN_64_TO_32_BIT_CONVERSION = YES;
				GCC_WARN_ABOUT_RETURN_TYPE = YES_ERROR;
				GCC_WARN_UNDECLARED_SELECTOR = YES;
				GCC_WARN_UNINITIALIZED_AUTOS = YES_AGGRESSIVE;
				GCC_WARN_UNUSED_FUNCTION = YES;
				GCC_WARN_UNUSED_VARIABLE = YES;
				IPHONEOS_DEPLOYMENT_TARGET = 11.2;
				MTL_ENABLE_DEBUG_INFO = NO;
				SDKROOT = iphoneos;
				SWIFT_OPTIMIZATION_LEVEL = "-Owholemodule";
				VALIDATE_PRODUCT = YES;
			};
			name = Release;
		};
		6CCED48A2045CCBE00AADFDD /* Debug */ = {
			isa = XCBuildConfiguration;
			baseConfigurationReference = 58A04761472305FCC3B6E107 /* Pods-Listening.debug.xcconfig */;
			buildSettings = {
				ASSETCATALOG_COMPILER_APPICON_NAME = AppIcon;
				CODE_SIGN_STYLE = Automatic;
				DEVELOPMENT_TEAM = 3ESZLRY25L;
				INFOPLIST_FILE = "$(SRCROOT)/Listening/Resource/Info/Info.plist";
				LD_RUNPATH_SEARCH_PATHS = "$(inherited) @executable_path/Frameworks";
				PRODUCT_BUNDLE_IDENTIFIER = com.huydq.Listening;
				PRODUCT_NAME = "$(TARGET_NAME)";
				SWIFT_VERSION = 4.0;
				TARGETED_DEVICE_FAMILY = "1,2";
			};
			name = Debug;
		};
		6CCED48B2045CCBE00AADFDD /* Release */ = {
			isa = XCBuildConfiguration;
			baseConfigurationReference = 7DD360DCA173846EF00A3771 /* Pods-Listening.release.xcconfig */;
			buildSettings = {
				ASSETCATALOG_COMPILER_APPICON_NAME = AppIcon;
				CODE_SIGN_STYLE = Automatic;
				DEVELOPMENT_TEAM = 3ESZLRY25L;
				INFOPLIST_FILE = "$(SRCROOT)/Listening/Resource/Info/Info.plist";
				LD_RUNPATH_SEARCH_PATHS = "$(inherited) @executable_path/Frameworks";
				PRODUCT_BUNDLE_IDENTIFIER = com.huydq.Listening;
				PRODUCT_NAME = "$(TARGET_NAME)";
				SWIFT_VERSION = 4.0;
				TARGETED_DEVICE_FAMILY = "1,2";
			};
			name = Release;
		};
/* End XCBuildConfiguration section */

/* Begin XCConfigurationList section */
		6CCED4722045CCBE00AADFDD /* Build configuration list for PBXProject "Listening" */ = {
			isa = XCConfigurationList;
			buildConfigurations = (
				6CCED4872045CCBE00AADFDD /* Debug */,
				6CCED4882045CCBE00AADFDD /* Release */,
			);
			defaultConfigurationIsVisible = 0;
			defaultConfigurationName = Release;
		};
		6CCED4892045CCBE00AADFDD /* Build configuration list for PBXNativeTarget "Listening" */ = {
			isa = XCConfigurationList;
			buildConfigurations = (
				6CCED48A2045CCBE00AADFDD /* Debug */,
				6CCED48B2045CCBE00AADFDD /* Release */,
			);
			defaultConfigurationIsVisible = 0;
			defaultConfigurationName = Release;
		};
/* End XCConfigurationList section */

/* Begin XCVersionGroup section */
		6C22D9FD204714090081FBE4 /* Listening.xcdatamodeld */ = {
			isa = XCVersionGroup;
			children = (
				6C22D9FE204714090081FBE4 /* Listening.xcdatamodel */,
			);
			currentVersion = 6C22D9FE204714090081FBE4 /* Listening.xcdatamodel */;
			path = Listening.xcdatamodeld;
			sourceTree = "<group>";
			versionGroupType = wrapper.xcdatamodel;
		};
/* End XCVersionGroup section */
	};
	rootObject = 6CCED46F2045CCBE00AADFDD /* Project object */;
}
