// !$*UTF8*$!
{
	archiveVersion = 1;
	classes = {
	};
	objectVersion = 48;
	objects = {

/* Begin PBXBuildFile section */
		6CCED4992045CD9B00AADFDD /* AppDelegate.swift in Sources */ = {isa = PBXBuildFile; fileRef = 6CCED48F2045CD9B00AADFDD /* AppDelegate.swift */; };
		6CCED49A2045CD9B00AADFDD /* Assets.xcassets in Resources */ = {isa = PBXBuildFile; fileRef = 6CCED4942045CD9B00AADFDD /* Assets.xcassets */; };
		6CCED49B2045CD9B00AADFDD /* Info.plist in Resources */ = {isa = PBXBuildFile; fileRef = 6CCED4962045CD9B00AADFDD /* Info.plist */; };
		6CCED4A12045D4D600AADFDD /* Main.storyboard in Resources */ = {isa = PBXBuildFile; fileRef = 6CCED4A02045D4D600AADFDD /* Main.storyboard */; };
		6CCED4A32045D4F800AADFDD /* SignInViewController.swift in Sources */ = {isa = PBXBuildFile; fileRef = 6CCED4A22045D4F700AADFDD /* SignInViewController.swift */; };
		6CCED4A52045D51400AADFDD /* SignInViewModel.swift in Sources */ = {isa = PBXBuildFile; fileRef = 6CCED4A42045D51400AADFDD /* SignInViewModel.swift */; };
/* End PBXBuildFile section */

/* Begin PBXFileReference section */
		6CCED4772045CCBE00AADFDD /* Listening.app */ = {isa = PBXFileReference; explicitFileType = wrapper.application; includeInIndex = 0; path = Listening.app; sourceTree = BUILT_PRODUCTS_DIR; };
		6CCED48F2045CD9B00AADFDD /* AppDelegate.swift */ = {isa = PBXFileReference; fileEncoding = 4; lastKnownFileType = sourcecode.swift; path = AppDelegate.swift; sourceTree = "<group>"; };
		6CCED4942045CD9B00AADFDD /* Assets.xcassets */ = {isa = PBXFileReference; lastKnownFileType = folder.assetcatalog; path = Assets.xcassets; sourceTree = "<group>"; };
		6CCED4962045CD9B00AADFDD /* Info.plist */ = {isa = PBXFileReference; fileEncoding = 4; lastKnownFileType = text.plist.xml; path = Info.plist; sourceTree = "<group>"; };
		6CCED4A02045D4D600AADFDD /* Main.storyboard */ = {isa = PBXFileReference; lastKnownFileType = file.storyboard; path = Main.storyboard; sourceTree = "<group>"; };
		6CCED4A22045D4F700AADFDD /* SignInViewController.swift */ = {isa = PBXFileReference; lastKnownFileType = sourcecode.swift; path = SignInViewController.swift; sourceTree = "<group>"; };
		6CCED4A42045D51400AADFDD /* SignInViewModel.swift */ = {isa = PBXFileReference; lastKnownFileType = sourcecode.swift; path = SignInViewModel.swift; sourceTree = "<group>"; };
/* End PBXFileReference section */

/* Begin PBXFrameworksBuildPhase section */
		6CCED4742045CCBE00AADFDD /* Frameworks */ = {
			isa = PBXFrameworksBuildPhase;
			buildActionMask = 2147483647;
			files = (
			);
			runOnlyForDeploymentPostprocessing = 0;
		};
/* End PBXFrameworksBuildPhase section */

/* Begin PBXGroup section */
		6CCED46E2045CCBE00AADFDD = {
			isa = PBXGroup;
			children = (
				6CCED48E2045CD9B00AADFDD /* Listening */,
				6CCED4782045CCBE00AADFDD /* Products */,
			);
			sourceTree = "<group>";
		};
		6CCED4782045CCBE00AADFDD /* Products */ = {
			isa = PBXGroup;
			children = (
				6CCED4772045CCBE00AADFDD /* Listening.app */,
			);
			name = Products;
			sourceTree = "<group>";
		};
		6CCED48E2045CD9B00AADFDD /* Listening */ = {
			isa = PBXGroup;
			children = (
				6CCED48F2045CD9B00AADFDD /* AppDelegate.swift */,
				6CCED4902045CD9B00AADFDD /* Helper */,
				6CCED4912045CD9B00AADFDD /* Model */,
				6CCED4972045CD9B00AADFDD /* View */,
				6CCED4982045CD9B00AADFDD /* ViewModel */,
				6CCED4922045CD9B00AADFDD /* Resource */,
			);
			path = Listening;
			sourceTree = "<group>";
		};
		6CCED4902045CD9B00AADFDD /* Helper */ = {
			isa = PBXGroup;
			children = (
			);
			path = Helper;
			sourceTree = "<group>";
		};
		6CCED4912045CD9B00AADFDD /* Model */ = {
			isa = PBXGroup;
			children = (
			);
			path = Model;
			sourceTree = "<group>";
		};
		6CCED4922045CD9B00AADFDD /* Resource */ = {
			isa = PBXGroup;
			children = (
				6CCED4932045CD9B00AADFDD /* Image */,
				6CCED4952045CD9B00AADFDD /* Info */,
			);
			path = Resource;
			sourceTree = "<group>";
		};
		6CCED4932045CD9B00AADFDD /* Image */ = {
			isa = PBXGroup;
			children = (
				6CCED4942045CD9B00AADFDD /* Assets.xcassets */,
			);
			path = Image;
			sourceTree = "<group>";
		};
		6CCED4952045CD9B00AADFDD /* Info */ = {
			isa = PBXGroup;
			children = (
				6CCED4962045CD9B00AADFDD /* Info.plist */,
			);
			path = Info;
			sourceTree = "<group>";
		};
		6CCED4972045CD9B00AADFDD /* View */ = {
			isa = PBXGroup;
			children = (
				6CCED49F2045CE2B00AADFDD /* TableViewCells */,
				6CCED49E2045CE1A00AADFDD /* Storyboards */,
				6CCED49D2045CE0A00AADFDD /* ViewControllers */,
				6CCED49C2045CDFF00AADFDD /* CustomViews */,
			);
			path = View;
			sourceTree = "<group>";
		};
		6CCED4982045CD9B00AADFDD /* ViewModel */ = {
			isa = PBXGroup;
			children = (
				6CCED4A42045D51400AADFDD /* SignInViewModel.swift */,
			);
			path = ViewModel;
			sourceTree = "<group>";
		};
		6CCED49C2045CDFF00AADFDD /* CustomViews */ = {
			isa = PBXGroup;
			children = (
			);
			path = CustomViews;
			sourceTree = "<group>";
		};
		6CCED49D2045CE0A00AADFDD /* ViewControllers */ = {
			isa = PBXGroup;
			children = (
				6CCED4A22045D4F700AADFDD /* SignInViewController.swift */,
			);
			path = ViewControllers;
			sourceTree = "<group>";
		};
		6CCED49E2045CE1A00AADFDD /* Storyboards */ = {
			isa = PBXGroup;
			children = (
				6CCED4A02045D4D600AADFDD /* Main.storyboard */,
			);
			path = Storyboards;
			sourceTree = "<group>";
		};
		6CCED49F2045CE2B00AADFDD /* TableViewCells */ = {
			isa = PBXGroup;
			children = (
			);
			path = TableViewCells;
			sourceTree = "<group>";
		};
/* End PBXGroup section */

/* Begin PBXNativeTarget section */
		6CCED4762045CCBE00AADFDD /* Listening */ = {
			isa = PBXNativeTarget;
			buildConfigurationList = 6CCED4892045CCBE00AADFDD /* Build configuration list for PBXNativeTarget "Listening" */;
			buildPhases = (
				6CCED4732045CCBE00AADFDD /* Sources */,
				6CCED4742045CCBE00AADFDD /* Frameworks */,
				6CCED4752045CCBE00AADFDD /* Resources */,
			);
			buildRules = (
			);
			dependencies = (
			);
			name = Listening;
			productName = Listening;
			productReference = 6CCED4772045CCBE00AADFDD /* Listening.app */;
			productType = "com.apple.product-type.application";
		};
/* End PBXNativeTarget section */

/* Begin PBXProject section */
		6CCED46F2045CCBE00AADFDD /* Project object */ = {
			isa = PBXProject;
			attributes = {
				LastSwiftUpdateCheck = 0920;
				LastUpgradeCheck = 0920;
				ORGANIZATIONNAME = huydoquang;
				TargetAttributes = {
					6CCED4762045CCBE00AADFDD = {
						CreatedOnToolsVersion = 9.2;
						ProvisioningStyle = Automatic;
					};
				};
			};
			buildConfigurationList = 6CCED4722045CCBE00AADFDD /* Build configuration list for PBXProject "Listening" */;
			compatibilityVersion = "Xcode 8.0";
			developmentRegion = en;
			hasScannedForEncodings = 0;
			knownRegions = (
				en,
				Base,
			);
			mainGroup = 6CCED46E2045CCBE00AADFDD;
			productRefGroup = 6CCED4782045CCBE00AADFDD /* Products */;
			projectDirPath = "";
			projectRoot = "";
			targets = (
				6CCED4762045CCBE00AADFDD /* Listening */,
			);
		};
/* End PBXProject section */

/* Begin PBXResourcesBuildPhase section */
		6CCED4752045CCBE00AADFDD /* Resources */ = {
			isa = PBXResourcesBuildPhase;
			buildActionMask = 2147483647;
			files = (
				6CCED4A12045D4D600AADFDD /* Main.storyboard in Resources */,
				6CCED49B2045CD9B00AADFDD /* Info.plist in Resources */,
				6CCED49A2045CD9B00AADFDD /* Assets.xcassets in Resources */,
			);
			runOnlyForDeploymentPostprocessing = 0;
		};
/* End PBXResourcesBuildPhase section */

/* Begin PBXSourcesBuildPhase section */
		6CCED4732045CCBE00AADFDD /* Sources */ = {
			isa = PBXSourcesBuildPhase;
			buildActionMask = 2147483647;
			files = (
				6CCED4A32045D4F800AADFDD /* SignInViewController.swift in Sources */,
				6CCED4992045CD9B00AADFDD /* AppDelegate.swift in Sources */,
				6CCED4A52045D51400AADFDD /* SignInViewModel.swift in Sources */,
			);
			runOnlyForDeploymentPostprocessing = 0;
		};
/* End PBXSourcesBuildPhase section */

/* Begin XCBuildConfiguration section */
		6CCED4872045CCBE00AADFDD /* Debug */ = {
			isa = XCBuildConfiguration;
			buildSettings = {
				ALWAYS_SEARCH_USER_PATHS = NO;
				CLANG_ANALYZER_NONNULL = YES;
				CLANG_ANALYZER_NUMBER_OBJECT_CONVERSION = YES_AGGRESSIVE;
				CLANG_CXX_LANGUAGE_STANDARD = "gnu++14";
				CLANG_CXX_LIBRARY = "libc++";
				CLANG_ENABLE_MODULES = YES;
				CLANG_ENABLE_OBJC_ARC = YES;
				CLANG_WARN_BLOCK_CAPTURE_AUTORELEASING = YES;
				CLANG_WARN_BOOL_CONVERSION = YES;
				CLANG_WARN_COMMA = YES;
				CLANG_WARN_CONSTANT_CONVERSION = YES;
				CLANG_WARN_DIRECT_OBJC_ISA_USAGE = YES_ERROR;
				CLANG_WARN_DOCUMENTATION_COMMENTS = YES;
				CLANG_WARN_EMPTY_BODY = YES;
				CLANG_WARN_ENUM_CONVERSION = YES;
				CLANG_WARN_INFINITE_RECURSION = YES;
				CLANG_WARN_INT_CONVERSION = YES;
				CLANG_WARN_NON_LITERAL_NULL_CONVERSION = YES;
				CLANG_WARN_OBJC_LITERAL_CONVERSION = YES;
				CLANG_WARN_OBJC_ROOT_CLASS = YES_ERROR;
				CLANG_WARN_RANGE_LOOP_ANALYSIS = YES;
				CLANG_WARN_STRICT_PROTOTYPES = YES;
				CLANG_WARN_SUSPICIOUS_MOVE = YES;
				CLANG_WARN_UNGUARDED_AVAILABILITY = YES_AGGRESSIVE;
				CLANG_WARN_UNREACHABLE_CODE = YES;
				CLANG_WARN__DUPLICATE_METHOD_MATCH = YES;
				CODE_SIGN_IDENTITY = "iPhone Developer";
				COPY_PHASE_STRIP = NO;
				DEBUG_INFORMATION_FORMAT = dwarf;
				ENABLE_STRICT_OBJC_MSGSEND = YES;
				ENABLE_TESTABILITY = YES;
				GCC_C_LANGUAGE_STANDARD = gnu11;
				GCC_DYNAMIC_NO_PIC = NO;
				GCC_NO_COMMON_BLOCKS = YES;
				GCC_OPTIMIZATION_LEVEL = 0;
				GCC_PREPROCESSOR_DEFINITIONS = (
					"DEBUG=1",
					"$(inherited)",
				);
				GCC_WARN_64_TO_32_BIT_CONVERSION = YES;
				GCC_WARN_ABOUT_RETURN_TYPE = YES_ERROR;
				GCC_WARN_UNDECLARED_SELECTOR = YES;
				GCC_WARN_UNINITIALIZED_AUTOS = YES_AGGRESSIVE;
				GCC_WARN_UNUSED_FUNCTION = YES;
				GCC_WARN_UNUSED_VARIABLE = YES;
				IPHONEOS_DEPLOYMENT_TARGET = 11.2;
				MTL_ENABLE_DEBUG_INFO = YES;
				ONLY_ACTIVE_ARCH = YES;
				SDKROOT = iphoneos;
				SWIFT_ACTIVE_COMPILATION_CONDITIONS = DEBUG;
				SWIFT_OPTIMIZATION_LEVEL = "-Onone";
			};
			name = Debug;
		};
		6CCED4882045CCBE00AADFDD /* Release */ = {
			isa = XCBuildConfiguration;
			buildSettings = {
				ALWAYS_SEARCH_USER_PATHS = NO;
				CLANG_ANALYZER_NONNULL = YES;
				CLANG_ANALYZER_NUMBER_OBJECT_CONVERSION = YES_AGGRESSIVE;
				CLANG_CXX_LANGUAGE_STANDARD = "gnu++14";
				CLANG_CXX_LIBRARY = "libc++";
				CLANG_ENABLE_MODULES = YES;
				CLANG_ENABLE_OBJC_ARC = YES;
				CLANG_WARN_BLOCK_CAPTURE_AUTORELEASING = YES;
				CLANG_WARN_BOOL_CONVERSION = YES;
				CLANG_WARN_COMMA = YES;
				CLANG_WARN_CONSTANT_CONVERSION = YES;
				CLANG_WARN_DIRECT_OBJC_ISA_USAGE = YES_ERROR;
				CLANG_WARN_DOCUMENTATION_COMMENTS = YES;
				CLANG_WARN_EMPTY_BODY = YES;
				CLANG_WARN_ENUM_CONVERSION = YES;
				CLANG_WARN_INFINITE_RECURSION = YES;
				CLANG_WARN_INT_CONVERSION = YES;
				CLANG_WARN_NON_LITERAL_NULL_CONVERSION = YES;
				CLANG_WARN_OBJC_LITERAL_CONVERSION = YES;
				CLANG_WARN_OBJC_ROOT_CLASS = YES_ERROR;
				CLANG_WARN_RANGE_LOOP_ANALYSIS = YES;
				CLANG_WARN_STRICT_PROTOTYPES = YES;
				CLANG_WARN_SUSPICIOUS_MOVE = YES;
				CLANG_WARN_UNGUARDED_AVAILABILITY = YES_AGGRESSIVE;
				CLANG_WARN_UNREACHABLE_CODE = YES;
				CLANG_WARN__DUPLICATE_METHOD_MATCH = YES;
				CODE_SIGN_IDENTITY = "iPhone Developer";
				COPY_PHASE_STRIP = NO;
				DEBUG_INFORMATION_FORMAT = "dwarf-with-dsym";
				ENABLE_NS_ASSERTIONS = NO;
				ENABLE_STRICT_OBJC_MSGSEND = YES;
				GCC_C_LANGUAGE_STANDARD = gnu11;
				GCC_NO_COMMON_BLOCKS = YES;
				GCC_WARN_64_TO_32_BIT_CONVERSION = YES;
				GCC_WARN_ABOUT_RETURN_TYPE = YES_ERROR;
				GCC_WARN_UNDECLARED_SELECTOR = YES;
				GCC_WARN_UNINITIALIZED_AUTOS = YES_AGGRESSIVE;
				GCC_WARN_UNUSED_FUNCTION = YES;
				GCC_WARN_UNUSED_VARIABLE = YES;
				IPHONEOS_DEPLOYMENT_TARGET = 11.2;
				MTL_ENABLE_DEBUG_INFO = NO;
				SDKROOT = iphoneos;
				SWIFT_OPTIMIZATION_LEVEL = "-Owholemodule";
				VALIDATE_PRODUCT = YES;
			};
			name = Release;
		};
		6CCED48A2045CCBE00AADFDD /* Debug */ = {
			isa = XCBuildConfiguration;
			buildSettings = {
				ASSETCATALOG_COMPILER_APPICON_NAME = AppIcon;
				CODE_SIGN_STYLE = Automatic;
				DEVELOPMENT_TEAM = 3ESZLRY25L;
				INFOPLIST_FILE = "$(SRCROOT)/Listening/Resource/Info/Info.plist";
				LD_RUNPATH_SEARCH_PATHS = "$(inherited) @executable_path/Frameworks";
				PRODUCT_BUNDLE_IDENTIFIER = com.huydq.Listening;
				PRODUCT_NAME = "$(TARGET_NAME)";
				SWIFT_VERSION = 4.0;
				TARGETED_DEVICE_FAMILY = "1,2";
			};
			name = Debug;
		};
		6CCED48B2045CCBE00AADFDD /* Release */ = {
			isa = XCBuildConfiguration;
			buildSettings = {
				ASSETCATALOG_COMPILER_APPICON_NAME = AppIcon;
				CODE_SIGN_STYLE = Automatic;
				DEVELOPMENT_TEAM = 3ESZLRY25L;
				INFOPLIST_FILE = "$(SRCROOT)/Listening/Resource/Info/Info.plist";
				LD_RUNPATH_SEARCH_PATHS = "$(inherited) @executable_path/Frameworks";
				PRODUCT_BUNDLE_IDENTIFIER = com.huydq.Listening;
				PRODUCT_NAME = "$(TARGET_NAME)";
				SWIFT_VERSION = 4.0;
				TARGETED_DEVICE_FAMILY = "1,2";
			};
			name = Release;
		};
/* End XCBuildConfiguration section */

/* Begin XCConfigurationList section */
		6CCED4722045CCBE00AADFDD /* Build configuration list for PBXProject "Listening" */ = {
			isa = XCConfigurationList;
			buildConfigurations = (
				6CCED4872045CCBE00AADFDD /* Debug */,
				6CCED4882045CCBE00AADFDD /* Release */,
			);
			defaultConfigurationIsVisible = 0;
			defaultConfigurationName = Release;
		};
		6CCED4892045CCBE00AADFDD /* Build configuration list for PBXNativeTarget "Listening" */ = {
			isa = XCConfigurationList;
			buildConfigurations = (
				6CCED48A2045CCBE00AADFDD /* Debug */,
				6CCED48B2045CCBE00AADFDD /* Release */,
			);
			defaultConfigurationIsVisible = 0;
			defaultConfigurationName = Release;
		};
/* End XCConfigurationList section */
	};
	rootObject = 6CCED46F2045CCBE00AADFDD /* Project object */;
}
